// !$*UTF8*$!
{
	archiveVersion = 1;
	classes = {
	};
	objectVersion = 48;
	objects = {

/* Begin PBXBuildFile section */
		5B13B78E20275AE100571BE6 /* SpotifySearch.swift in Sources */ = {isa = PBXBuildFile; fileRef = 5B13B78D20275AE100571BE6 /* SpotifySearch.swift */; };
		5B3556251F6C3A470068CF3C /* AVFoundation.framework in Frameworks */ = {isa = PBXBuildFile; fileRef = 5B3556241F6C3A460068CF3C /* AVFoundation.framework */; };
		5B3EA2211FDC769D004289A9 /* SpotifyArtist.swift in Sources */ = {isa = PBXBuildFile; fileRef = 5B3EA2201FDC769D004289A9 /* SpotifyArtist.swift */; };
		5B3EA2231FDC7A03004289A9 /* SpotifyTrack.swift in Sources */ = {isa = PBXBuildFile; fileRef = 5B3EA2221FDC7A03004289A9 /* SpotifyTrack.swift */; };
		5B3EA2251FDD9358004289A9 /* SpotifyAlbum.swift in Sources */ = {isa = PBXBuildFile; fileRef = 5B3EA2241FDD9358004289A9 /* SpotifyAlbum.swift */; };
		5B3EA2291FDDB766004289A9 /* SpotifyProtocol.swift in Sources */ = {isa = PBXBuildFile; fileRef = 5B3EA2281FDDB766004289A9 /* SpotifyProtocol.swift */; };
		5B3EA22B1FDDC32B004289A9 /* SpotifyCopyright.swift in Sources */ = {isa = PBXBuildFile; fileRef = 5B3EA22A1FDDC32B004289A9 /* SpotifyCopyright.swift */; };
		5B3EA22D1FDDC675004289A9 /* SpotifyExternalID.swift in Sources */ = {isa = PBXBuildFile; fileRef = 5B3EA22C1FDDC675004289A9 /* SpotifyExternalID.swift */; };
		5B3EA22F1FDDC911004289A9 /* SpotifyExternalURL.swift in Sources */ = {isa = PBXBuildFile; fileRef = 5B3EA22E1FDDC911004289A9 /* SpotifyExternalURL.swift */; };
		5B3EA2311FDDC97B004289A9 /* SpotifyImage.swift in Sources */ = {isa = PBXBuildFile; fileRef = 5B3EA2301FDDC97B004289A9 /* SpotifyImage.swift */; };
		5B3EA2331FDDCA2E004289A9 /* SpotifyPaging.swift in Sources */ = {isa = PBXBuildFile; fileRef = 5B3EA2321FDDCA2E004289A9 /* SpotifyPaging.swift */; };
		5B3EA2351FDDCB7D004289A9 /* SpotifyFollowers.swift in Sources */ = {isa = PBXBuildFile; fileRef = 5B3EA2341FDDCB7D004289A9 /* SpotifyFollowers.swift */; };
		5B432E091F741FD000EA6619 /* SpotifyAuthentication.framework in Frameworks */ = {isa = PBXBuildFile; fileRef = 5B432E081F741FAD00EA6619 /* SpotifyAuthentication.framework */; };
		5B432E0A1F741FD300EA6619 /* SpotifyAudioPlayback.framework in Frameworks */ = {isa = PBXBuildFile; fileRef = 5B432E071F741FAD00EA6619 /* SpotifyAudioPlayback.framework */; };
		5B67317F200ABE8E00EC6AD4 /* Album.swift in Sources */ = {isa = PBXBuildFile; fileRef = 5B67317E200ABE8E00EC6AD4 /* Album.swift */; };
		5B673181200AC6B900EC6AD4 /* SpotifyTrackLink.swift in Sources */ = {isa = PBXBuildFile; fileRef = 5B673180200AC6B900EC6AD4 /* SpotifyTrackLink.swift */; };
		5B673183200AC7BB00EC6AD4 /* SpotifyRestriction.swift in Sources */ = {isa = PBXBuildFile; fileRef = 5B673182200AC7BB00EC6AD4 /* SpotifyRestriction.swift */; };
		5B673185200AD63700EC6AD4 /* SpotifyPlaylistTrack.swift in Sources */ = {isa = PBXBuildFile; fileRef = 5B673184200AD63700EC6AD4 /* SpotifyPlaylistTrack.swift */; };
		5B673187200AD6D900EC6AD4 /* SpotifyUser.swift in Sources */ = {isa = PBXBuildFile; fileRef = 5B673186200AD6D900EC6AD4 /* SpotifyUser.swift */; };
		5B70391A1F6B260B008B912F /* AppDelegate.swift in Sources */ = {isa = PBXBuildFile; fileRef = 5B7039191F6B260B008B912F /* AppDelegate.swift */; };
		5B70391F1F6B260B008B912F /* Main.storyboard in Resources */ = {isa = PBXBuildFile; fileRef = 5B70391D1F6B260B008B912F /* Main.storyboard */; };
		5B7039211F6B260B008B912F /* Assets.xcassets in Resources */ = {isa = PBXBuildFile; fileRef = 5B7039201F6B260B008B912F /* Assets.xcassets */; };
		5B7039241F6B260B008B912F /* LaunchScreen.storyboard in Resources */ = {isa = PBXBuildFile; fileRef = 5B7039221F6B260B008B912F /* LaunchScreen.storyboard */; };
		5B7039331F6B2696008B912F /* MusicPlayer.swift in Sources */ = {isa = PBXBuildFile; fileRef = 5B70392D1F6B2695008B912F /* MusicPlayer.swift */; };
		5B7039341F6B2696008B912F /* SystemMusicPlayer.swift in Sources */ = {isa = PBXBuildFile; fileRef = 5B70392E1F6B2695008B912F /* SystemMusicPlayer.swift */; };
		5B7039351F6B2696008B912F /* MusicPlayerHandler.swift in Sources */ = {isa = PBXBuildFile; fileRef = 5B7039301F6B2695008B912F /* MusicPlayerHandler.swift */; };
		5B7039361F6B2696008B912F /* MusicPlayerViewController.swift in Sources */ = {isa = PBXBuildFile; fileRef = 5B7039311F6B2695008B912F /* MusicPlayerViewController.swift */; };
		5B7039371F6B2696008B912F /* ApplicationMusicPlayer.swift in Sources */ = {isa = PBXBuildFile; fileRef = 5B7039321F6B2695008B912F /* ApplicationMusicPlayer.swift */; };
		5B75236B200B068800139277 /* SpotifyPlaylist.swift in Sources */ = {isa = PBXBuildFile; fileRef = 5B75236A200B068800139277 /* SpotifyPlaylist.swift */; };
		5B961F6D1F6C3AC200725E4F /* SystemConfiguration.framework in Frameworks */ = {isa = PBXBuildFile; fileRef = 5B961F6C1F6C3AC200725E4F /* SystemConfiguration.framework */; };
		5BB26D221FB8FD3D00007649 /* Playlist.swift in Sources */ = {isa = PBXBuildFile; fileRef = 5BB26D211FB8FD3D00007649 /* Playlist.swift */; };
		5BC4E06C1FB5337400BDAC00 /* Action.swift in Sources */ = {isa = PBXBuildFile; fileRef = 5BC4E06B1FB5337400BDAC00 /* Action.swift */; };
		5BC4E06E1FB5339200BDAC00 /* BaseEntity.swift in Sources */ = {isa = PBXBuildFile; fileRef = 5BC4E06D1FB5339200BDAC00 /* BaseEntity.swift */; };
		5BC4E0701FB538D000BDAC00 /* Artist.swift in Sources */ = {isa = PBXBuildFile; fileRef = 5BC4E06F1FB538D000BDAC00 /* Artist.swift */; };
		5BC4E0721FB538ED00BDAC00 /* Event.swift in Sources */ = {isa = PBXBuildFile; fileRef = 5BC4E0711FB538ED00BDAC00 /* Event.swift */; };
		5BC4E0741FB5397500BDAC00 /* Play.swift in Sources */ = {isa = PBXBuildFile; fileRef = 5BC4E0731FB5397500BDAC00 /* Play.swift */; };
		5BC4E0761FB5399500BDAC00 /* Request.swift in Sources */ = {isa = PBXBuildFile; fileRef = 5BC4E0751FB5399500BDAC00 /* Request.swift */; };
		5BC4E0781FB539B000BDAC00 /* Song.swift in Sources */ = {isa = PBXBuildFile; fileRef = 5BC4E0771FB539B000BDAC00 /* Song.swift */; };
		5BC4E07A1FB539C800BDAC00 /* User.swift in Sources */ = {isa = PBXBuildFile; fileRef = 5BC4E0791FB539C800BDAC00 /* User.swift */; };
		5BF74E401F742167007CFF20 /* BridgeViewController.m in Sources */ = {isa = PBXBuildFile; fileRef = 5BF74E3F1F742167007CFF20 /* BridgeViewController.m */; };
		5BFCB615202BD64E00140D59 /* SpotifyBrowseHandler.swift in Sources */ = {isa = PBXBuildFile; fileRef = 5BFCB614202BD64E00140D59 /* SpotifyBrowseHandler.swift */; };
		5BFCB617202BD6A300140D59 /* SpotifyFollowHandler.swift in Sources */ = {isa = PBXBuildFile; fileRef = 5BFCB616202BD6A300140D59 /* SpotifyFollowHandler.swift */; };
		5BFCB619202BD6C600140D59 /* SpotifyLibraryHandler.swift in Sources */ = {isa = PBXBuildFile; fileRef = 5BFCB618202BD6C600140D59 /* SpotifyLibraryHandler.swift */; };
		5BFCB61B202BD6F300140D59 /* SpotifyPersonalizationHandler.swift in Sources */ = {isa = PBXBuildFile; fileRef = 5BFCB61A202BD6F300140D59 /* SpotifyPersonalizationHandler.swift */; };
		5BFCB61D202BD73100140D59 /* SpotifyPlayerHandler.swift in Sources */ = {isa = PBXBuildFile; fileRef = 5BFCB61C202BD73100140D59 /* SpotifyPlayerHandler.swift */; };
		5BFCB61F202BD76900140D59 /* SpotifyPlaylistsHandler.swift in Sources */ = {isa = PBXBuildFile; fileRef = 5BFCB61E202BD76900140D59 /* SpotifyPlaylistsHandler.swift */; };
		5BFCB621202BD78D00140D59 /* SpotifyProfilesHandler.swift in Sources */ = {isa = PBXBuildFile; fileRef = 5BFCB620202BD78D00140D59 /* SpotifyProfilesHandler.swift */; };
		5BFCB623202BD7BD00140D59 /* SpotifyTracksHandler.swift in Sources */ = {isa = PBXBuildFile; fileRef = 5BFCB622202BD7BD00140D59 /* SpotifyTracksHandler.swift */; };
		5BFCB626202BDBD300140D59 /* SpotifyAlbums.swift in Sources */ = {isa = PBXBuildFile; fileRef = 5BFCB625202BDBD300140D59 /* SpotifyAlbums.swift */; };
		5BFCDB0F202A88D700D6B04F /* SpotifyArtistsHandler.swift in Sources */ = {isa = PBXBuildFile; fileRef = 5BFCDB0E202A88D700D6B04F /* SpotifyArtistsHandler.swift */; };
		5BFCDB11202A892000D6B04F /* SpotifySearchHandler.swift in Sources */ = {isa = PBXBuildFile; fileRef = 5BFCDB10202A892000D6B04F /* SpotifySearchHandler.swift */; };
		5BFCDB13202A897000D6B04F /* SpotifyAPIHandler.swift in Sources */ = {isa = PBXBuildFile; fileRef = 5BFCDB12202A897000D6B04F /* SpotifyAPIHandler.swift */; };
		5BFCDB15202A89EE00D6B04F /* SpotifyAlbumsHandler.swift in Sources */ = {isa = PBXBuildFile; fileRef = 5BFCDB14202A89EE00D6B04F /* SpotifyAlbumsHandler.swift */; };
/* End PBXBuildFile section */

/* Begin PBXFileReference section */
		5B13B78D20275AE100571BE6 /* SpotifySearch.swift */ = {isa = PBXFileReference; lastKnownFileType = sourcecode.swift; path = SpotifySearch.swift; sourceTree = "<group>"; };
		5B3556241F6C3A460068CF3C /* AVFoundation.framework */ = {isa = PBXFileReference; lastKnownFileType = wrapper.framework; name = AVFoundation.framework; path = System/Library/Frameworks/AVFoundation.framework; sourceTree = SDKROOT; };
		5B3EA2201FDC769D004289A9 /* SpotifyArtist.swift */ = {isa = PBXFileReference; lastKnownFileType = sourcecode.swift; path = SpotifyArtist.swift; sourceTree = "<group>"; };
		5B3EA2221FDC7A03004289A9 /* SpotifyTrack.swift */ = {isa = PBXFileReference; lastKnownFileType = sourcecode.swift; path = SpotifyTrack.swift; sourceTree = "<group>"; };
		5B3EA2241FDD9358004289A9 /* SpotifyAlbum.swift */ = {isa = PBXFileReference; lastKnownFileType = sourcecode.swift; path = SpotifyAlbum.swift; sourceTree = "<group>"; };
		5B3EA2281FDDB766004289A9 /* SpotifyProtocol.swift */ = {isa = PBXFileReference; lastKnownFileType = sourcecode.swift; path = SpotifyProtocol.swift; sourceTree = "<group>"; };
		5B3EA22A1FDDC32B004289A9 /* SpotifyCopyright.swift */ = {isa = PBXFileReference; lastKnownFileType = sourcecode.swift; path = SpotifyCopyright.swift; sourceTree = "<group>"; };
		5B3EA22C1FDDC675004289A9 /* SpotifyExternalID.swift */ = {isa = PBXFileReference; lastKnownFileType = sourcecode.swift; path = SpotifyExternalID.swift; sourceTree = "<group>"; };
		5B3EA22E1FDDC911004289A9 /* SpotifyExternalURL.swift */ = {isa = PBXFileReference; lastKnownFileType = sourcecode.swift; path = SpotifyExternalURL.swift; sourceTree = "<group>"; };
		5B3EA2301FDDC97B004289A9 /* SpotifyImage.swift */ = {isa = PBXFileReference; lastKnownFileType = sourcecode.swift; path = SpotifyImage.swift; sourceTree = "<group>"; };
		5B3EA2321FDDCA2E004289A9 /* SpotifyPaging.swift */ = {isa = PBXFileReference; lastKnownFileType = sourcecode.swift; path = SpotifyPaging.swift; sourceTree = "<group>"; };
		5B3EA2341FDDCB7D004289A9 /* SpotifyFollowers.swift */ = {isa = PBXFileReference; lastKnownFileType = sourcecode.swift; path = SpotifyFollowers.swift; sourceTree = "<group>"; };
		5B432E071F741FAD00EA6619 /* SpotifyAudioPlayback.framework */ = {isa = PBXFileReference; lastKnownFileType = wrapper.framework; path = SpotifyAudioPlayback.framework; sourceTree = "<group>"; };
		5B432E081F741FAD00EA6619 /* SpotifyAuthentication.framework */ = {isa = PBXFileReference; lastKnownFileType = wrapper.framework; path = SpotifyAuthentication.framework; sourceTree = "<group>"; };
		5B67317E200ABE8E00EC6AD4 /* Album.swift */ = {isa = PBXFileReference; lastKnownFileType = sourcecode.swift; path = Album.swift; sourceTree = "<group>"; };
		5B673180200AC6B900EC6AD4 /* SpotifyTrackLink.swift */ = {isa = PBXFileReference; lastKnownFileType = sourcecode.swift; path = SpotifyTrackLink.swift; sourceTree = "<group>"; };
		5B673182200AC7BB00EC6AD4 /* SpotifyRestriction.swift */ = {isa = PBXFileReference; lastKnownFileType = sourcecode.swift; path = SpotifyRestriction.swift; sourceTree = "<group>"; };
		5B673184200AD63700EC6AD4 /* SpotifyPlaylistTrack.swift */ = {isa = PBXFileReference; lastKnownFileType = sourcecode.swift; path = SpotifyPlaylistTrack.swift; sourceTree = "<group>"; };
		5B673186200AD6D900EC6AD4 /* SpotifyUser.swift */ = {isa = PBXFileReference; lastKnownFileType = sourcecode.swift; path = SpotifyUser.swift; sourceTree = "<group>"; };
		5B7039161F6B260B008B912F /* RelayMusicPlayer.app */ = {isa = PBXFileReference; explicitFileType = wrapper.application; includeInIndex = 0; path = RelayMusicPlayer.app; sourceTree = BUILT_PRODUCTS_DIR; };
		5B7039191F6B260B008B912F /* AppDelegate.swift */ = {isa = PBXFileReference; lastKnownFileType = sourcecode.swift; path = AppDelegate.swift; sourceTree = "<group>"; };
		5B70391E1F6B260B008B912F /* Base */ = {isa = PBXFileReference; lastKnownFileType = file.storyboard; name = Base; path = Base.lproj/Main.storyboard; sourceTree = "<group>"; };
		5B7039201F6B260B008B912F /* Assets.xcassets */ = {isa = PBXFileReference; lastKnownFileType = folder.assetcatalog; path = Assets.xcassets; sourceTree = "<group>"; };
		5B7039231F6B260B008B912F /* Base */ = {isa = PBXFileReference; lastKnownFileType = file.storyboard; name = Base; path = Base.lproj/LaunchScreen.storyboard; sourceTree = "<group>"; };
		5B7039251F6B260B008B912F /* Info.plist */ = {isa = PBXFileReference; lastKnownFileType = text.plist.xml; path = Info.plist; sourceTree = "<group>"; };
		5B70392B1F6B2660008B912F /* Ideas */ = {isa = PBXFileReference; lastKnownFileType = text; path = Ideas; sourceTree = "<group>"; };
		5B70392D1F6B2695008B912F /* MusicPlayer.swift */ = {isa = PBXFileReference; lastKnownFileType = sourcecode.swift; path = MusicPlayer.swift; sourceTree = "<group>"; };
		5B70392E1F6B2695008B912F /* SystemMusicPlayer.swift */ = {isa = PBXFileReference; lastKnownFileType = sourcecode.swift; path = SystemMusicPlayer.swift; sourceTree = "<group>"; };
		5B7039301F6B2695008B912F /* MusicPlayerHandler.swift */ = {isa = PBXFileReference; lastKnownFileType = sourcecode.swift; path = MusicPlayerHandler.swift; sourceTree = "<group>"; };
		5B7039311F6B2695008B912F /* MusicPlayerViewController.swift */ = {isa = PBXFileReference; lastKnownFileType = sourcecode.swift; path = MusicPlayerViewController.swift; sourceTree = "<group>"; };
		5B7039321F6B2695008B912F /* ApplicationMusicPlayer.swift */ = {isa = PBXFileReference; lastKnownFileType = sourcecode.swift; path = ApplicationMusicPlayer.swift; sourceTree = "<group>"; };
		5B75236A200B068800139277 /* SpotifyPlaylist.swift */ = {isa = PBXFileReference; lastKnownFileType = sourcecode.swift; path = SpotifyPlaylist.swift; sourceTree = "<group>"; };
		5B961F6C1F6C3AC200725E4F /* SystemConfiguration.framework */ = {isa = PBXFileReference; lastKnownFileType = wrapper.framework; name = SystemConfiguration.framework; path = System/Library/Frameworks/SystemConfiguration.framework; sourceTree = SDKROOT; };
		5B961F731F6C3E2F00725E4F /* SpotifyAudioPlayback.framework */ = {isa = PBXFileReference; lastKnownFileType = wrapper.framework; path = SpotifyAudioPlayback.framework; sourceTree = "<group>"; };
		5B961F741F6C3E2F00725E4F /* SpotifyAuthentication.framework */ = {isa = PBXFileReference; lastKnownFileType = wrapper.framework; path = SpotifyAuthentication.framework; sourceTree = "<group>"; };
		5B961F751F6C3E6E00725E4F /* SpotifyMetadata.framework */ = {isa = PBXFileReference; lastKnownFileType = wrapper.framework; path = SpotifyMetadata.framework; sourceTree = "<group>"; };
		5BB26D211FB8FD3D00007649 /* Playlist.swift */ = {isa = PBXFileReference; lastKnownFileType = sourcecode.swift; path = Playlist.swift; sourceTree = "<group>"; };
		5BC4E06B1FB5337400BDAC00 /* Action.swift */ = {isa = PBXFileReference; lastKnownFileType = sourcecode.swift; path = Action.swift; sourceTree = "<group>"; };
		5BC4E06D1FB5339200BDAC00 /* BaseEntity.swift */ = {isa = PBXFileReference; lastKnownFileType = sourcecode.swift; path = BaseEntity.swift; sourceTree = "<group>"; };
		5BC4E06F1FB538D000BDAC00 /* Artist.swift */ = {isa = PBXFileReference; lastKnownFileType = sourcecode.swift; path = Artist.swift; sourceTree = "<group>"; };
		5BC4E0711FB538ED00BDAC00 /* Event.swift */ = {isa = PBXFileReference; lastKnownFileType = sourcecode.swift; path = Event.swift; sourceTree = "<group>"; };
		5BC4E0731FB5397500BDAC00 /* Play.swift */ = {isa = PBXFileReference; lastKnownFileType = sourcecode.swift; path = Play.swift; sourceTree = "<group>"; };
		5BC4E0751FB5399500BDAC00 /* Request.swift */ = {isa = PBXFileReference; lastKnownFileType = sourcecode.swift; path = Request.swift; sourceTree = "<group>"; };
		5BC4E0771FB539B000BDAC00 /* Song.swift */ = {isa = PBXFileReference; lastKnownFileType = sourcecode.swift; path = Song.swift; sourceTree = "<group>"; };
		5BC4E0791FB539C800BDAC00 /* User.swift */ = {isa = PBXFileReference; lastKnownFileType = sourcecode.swift; path = User.swift; sourceTree = "<group>"; };
		5BF74E3E1F742167007CFF20 /* BridgeViewController.h */ = {isa = PBXFileReference; lastKnownFileType = sourcecode.c.h; path = BridgeViewController.h; sourceTree = "<group>"; };
		5BF74E3F1F742167007CFF20 /* BridgeViewController.m */ = {isa = PBXFileReference; lastKnownFileType = sourcecode.c.objc; path = BridgeViewController.m; sourceTree = "<group>"; };
		5BF74E411F7421C9007CFF20 /* RelayMusicPlayer-Bridging-Header.h */ = {isa = PBXFileReference; lastKnownFileType = sourcecode.c.h; path = "RelayMusicPlayer-Bridging-Header.h"; sourceTree = "<group>"; };
		5BFCB614202BD64E00140D59 /* SpotifyBrowseHandler.swift */ = {isa = PBXFileReference; lastKnownFileType = sourcecode.swift; path = SpotifyBrowseHandler.swift; sourceTree = "<group>"; };
		5BFCB616202BD6A300140D59 /* SpotifyFollowHandler.swift */ = {isa = PBXFileReference; lastKnownFileType = sourcecode.swift; path = SpotifyFollowHandler.swift; sourceTree = "<group>"; };
		5BFCB618202BD6C600140D59 /* SpotifyLibraryHandler.swift */ = {isa = PBXFileReference; lastKnownFileType = sourcecode.swift; path = SpotifyLibraryHandler.swift; sourceTree = "<group>"; };
		5BFCB61A202BD6F300140D59 /* SpotifyPersonalizationHandler.swift */ = {isa = PBXFileReference; lastKnownFileType = sourcecode.swift; path = SpotifyPersonalizationHandler.swift; sourceTree = "<group>"; };
		5BFCB61C202BD73100140D59 /* SpotifyPlayerHandler.swift */ = {isa = PBXFileReference; lastKnownFileType = sourcecode.swift; path = SpotifyPlayerHandler.swift; sourceTree = "<group>"; };
		5BFCB61E202BD76900140D59 /* SpotifyPlaylistsHandler.swift */ = {isa = PBXFileReference; lastKnownFileType = sourcecode.swift; path = SpotifyPlaylistsHandler.swift; sourceTree = "<group>"; };
		5BFCB620202BD78D00140D59 /* SpotifyProfilesHandler.swift */ = {isa = PBXFileReference; lastKnownFileType = sourcecode.swift; path = SpotifyProfilesHandler.swift; sourceTree = "<group>"; };
		5BFCB622202BD7BD00140D59 /* SpotifyTracksHandler.swift */ = {isa = PBXFileReference; lastKnownFileType = sourcecode.swift; path = SpotifyTracksHandler.swift; sourceTree = "<group>"; };
		5BFCB625202BDBD300140D59 /* SpotifyAlbums.swift */ = {isa = PBXFileReference; lastKnownFileType = sourcecode.swift; path = SpotifyAlbums.swift; sourceTree = "<group>"; };
		5BFCDB0E202A88D700D6B04F /* SpotifyArtistsHandler.swift */ = {isa = PBXFileReference; lastKnownFileType = sourcecode.swift; path = SpotifyArtistsHandler.swift; sourceTree = "<group>"; };
		5BFCDB10202A892000D6B04F /* SpotifySearchHandler.swift */ = {isa = PBXFileReference; lastKnownFileType = sourcecode.swift; path = SpotifySearchHandler.swift; sourceTree = "<group>"; };
		5BFCDB12202A897000D6B04F /* SpotifyAPIHandler.swift */ = {isa = PBXFileReference; lastKnownFileType = sourcecode.swift; path = SpotifyAPIHandler.swift; sourceTree = "<group>"; };
		5BFCDB14202A89EE00D6B04F /* SpotifyAlbumsHandler.swift */ = {isa = PBXFileReference; lastKnownFileType = sourcecode.swift; path = SpotifyAlbumsHandler.swift; sourceTree = "<group>"; };
/* End PBXFileReference section */

/* Begin PBXFrameworksBuildPhase section */
		5B7039131F6B260B008B912F /* Frameworks */ = {
			isa = PBXFrameworksBuildPhase;
			buildActionMask = 2147483647;
			files = (
				5B961F6D1F6C3AC200725E4F /* SystemConfiguration.framework in Frameworks */,
				5B3556251F6C3A470068CF3C /* AVFoundation.framework in Frameworks */,
				5B432E0A1F741FD300EA6619 /* SpotifyAudioPlayback.framework in Frameworks */,
				5B432E091F741FD000EA6619 /* SpotifyAuthentication.framework in Frameworks */,
			);
			runOnlyForDeploymentPostprocessing = 0;
		};
/* End PBXFrameworksBuildPhase section */

/* Begin PBXGroup section */
		5B13B79120275B9000571BE6 /* SpotifySearchList */ = {
			isa = PBXGroup;
			children = (
				5B13B78D20275AE100571BE6 /* SpotifySearch.swift */,
			);
			path = SpotifySearchList;
			sourceTree = "<group>";
		};
		5B3556231F6C3A460068CF3C /* Frameworks */ = {
			isa = PBXGroup;
			children = (
				5B432E071F741FAD00EA6619 /* SpotifyAudioPlayback.framework */,
				5B432E081F741FAD00EA6619 /* SpotifyAuthentication.framework */,
				5B961F6C1F6C3AC200725E4F /* SystemConfiguration.framework */,
				5B3556241F6C3A460068CF3C /* AVFoundation.framework */,
			);
			name = Frameworks;
			sourceTree = "<group>";
		};
		5B3EA21F1FDC7685004289A9 /* SpotifyModel */ = {
			isa = PBXGroup;
			children = (
				5BFCB624202BDBB300140D59 /* SpotifyAlbumsList */,
				5B13B79120275B9000571BE6 /* SpotifySearchList */,
				5B3EA2201FDC769D004289A9 /* SpotifyArtist.swift */,
				5B3EA2221FDC7A03004289A9 /* SpotifyTrack.swift */,
				5B3EA2241FDD9358004289A9 /* SpotifyAlbum.swift */,
				5B3EA2281FDDB766004289A9 /* SpotifyProtocol.swift */,
				5B3EA22A1FDDC32B004289A9 /* SpotifyCopyright.swift */,
				5B3EA22C1FDDC675004289A9 /* SpotifyExternalID.swift */,
				5B3EA22E1FDDC911004289A9 /* SpotifyExternalURL.swift */,
				5B3EA2301FDDC97B004289A9 /* SpotifyImage.swift */,
				5B3EA2321FDDCA2E004289A9 /* SpotifyPaging.swift */,
				5B3EA2341FDDCB7D004289A9 /* SpotifyFollowers.swift */,
				5B673180200AC6B900EC6AD4 /* SpotifyTrackLink.swift */,
				5B673182200AC7BB00EC6AD4 /* SpotifyRestriction.swift */,
				5B673184200AD63700EC6AD4 /* SpotifyPlaylistTrack.swift */,
				5B673186200AD6D900EC6AD4 /* SpotifyUser.swift */,
				5B75236A200B068800139277 /* SpotifyPlaylist.swift */,
			);
			path = SpotifyModel;
			sourceTree = "<group>";
		};
		5B70390D1F6B260B008B912F = {
			isa = PBXGroup;
			children = (
				5B7039181F6B260B008B912F /* RelayMusicPlayer */,
				5B7039171F6B260B008B912F /* Products */,
				5B3556231F6C3A460068CF3C /* Frameworks */,
			);
			sourceTree = "<group>";
		};
		5B7039171F6B260B008B912F /* Products */ = {
			isa = PBXGroup;
			children = (
				5B7039161F6B260B008B912F /* RelayMusicPlayer.app */,
			);
			name = Products;
			sourceTree = "<group>";
		};
		5B7039181F6B260B008B912F /* RelayMusicPlayer */ = {
			isa = PBXGroup;
			children = (
				5BC4E06A1FB5333700BDAC00 /* Model */,
				5BE77E101F7DBF18002E6139 /* SpotifyWrapper */,
				5B961F721F6C3E1D00725E4F /* SpotifySDKFramworks */,
				5B7039321F6B2695008B912F /* ApplicationMusicPlayer.swift */,
				5B70392D1F6B2695008B912F /* MusicPlayer.swift */,
				5B7039301F6B2695008B912F /* MusicPlayerHandler.swift */,
				5B7039311F6B2695008B912F /* MusicPlayerViewController.swift */,
				5B70392E1F6B2695008B912F /* SystemMusicPlayer.swift */,
				5B70392C1F6B2664008B912F /* Misc */,
				5B7039191F6B260B008B912F /* AppDelegate.swift */,
				5B70391D1F6B260B008B912F /* Main.storyboard */,
				5B7039201F6B260B008B912F /* Assets.xcassets */,
				5B7039221F6B260B008B912F /* LaunchScreen.storyboard */,
				5B7039251F6B260B008B912F /* Info.plist */,
				5BF74E3E1F742167007CFF20 /* BridgeViewController.h */,
				5BF74E3F1F742167007CFF20 /* BridgeViewController.m */,
				5BF74E411F7421C9007CFF20 /* RelayMusicPlayer-Bridging-Header.h */,
			);
			path = RelayMusicPlayer;
			sourceTree = "<group>";
		};
		5B70392C1F6B2664008B912F /* Misc */ = {
			isa = PBXGroup;
			children = (
				5B70392B1F6B2660008B912F /* Ideas */,
			);
			path = Misc;
			sourceTree = "<group>";
		};
		5B961F721F6C3E1D00725E4F /* SpotifySDKFramworks */ = {
			isa = PBXGroup;
			children = (
				5B961F751F6C3E6E00725E4F /* SpotifyMetadata.framework */,
				5B961F731F6C3E2F00725E4F /* SpotifyAudioPlayback.framework */,
				5B961F741F6C3E2F00725E4F /* SpotifyAuthentication.framework */,
			);
			path = SpotifySDKFramworks;
			sourceTree = "<group>";
		};
		5BC4E06A1FB5333700BDAC00 /* Model */ = {
			isa = PBXGroup;
			children = (
				5B3EA21F1FDC7685004289A9 /* SpotifyModel */,
				5BC4E06B1FB5337400BDAC00 /* Action.swift */,
				5BC4E06D1FB5339200BDAC00 /* BaseEntity.swift */,
				5BC4E06F1FB538D000BDAC00 /* Artist.swift */,
				5BC4E0711FB538ED00BDAC00 /* Event.swift */,
				5BC4E0731FB5397500BDAC00 /* Play.swift */,
				5BC4E0751FB5399500BDAC00 /* Request.swift */,
				5BC4E0771FB539B000BDAC00 /* Song.swift */,
				5BC4E0791FB539C800BDAC00 /* User.swift */,
				5BB26D211FB8FD3D00007649 /* Playlist.swift */,
				5B67317E200ABE8E00EC6AD4 /* Album.swift */,
			);
			path = Model;
			sourceTree = "<group>";
		};
		5BE77E101F7DBF18002E6139 /* SpotifyWrapper */ = {
			isa = PBXGroup;
			children = (
				5BFCDB0E202A88D700D6B04F /* SpotifyArtistsHandler.swift */,
				5BFCDB10202A892000D6B04F /* SpotifySearchHandler.swift */,
				5BFCDB12202A897000D6B04F /* SpotifyAPIHandler.swift */,
				5BFCDB14202A89EE00D6B04F /* SpotifyAlbumsHandler.swift */,
				5BFCB614202BD64E00140D59 /* SpotifyBrowseHandler.swift */,
				5BFCB616202BD6A300140D59 /* SpotifyFollowHandler.swift */,
				5BFCB618202BD6C600140D59 /* SpotifyLibraryHandler.swift */,
				5BFCB61A202BD6F300140D59 /* SpotifyPersonalizationHandler.swift */,
				5BFCB61C202BD73100140D59 /* SpotifyPlayerHandler.swift */,
				5BFCB61E202BD76900140D59 /* SpotifyPlaylistsHandler.swift */,
				5BFCB620202BD78D00140D59 /* SpotifyProfilesHandler.swift */,
				5BFCB622202BD7BD00140D59 /* SpotifyTracksHandler.swift */,
			);
			path = SpotifyWrapper;
			sourceTree = "<group>";
		};
		5BFCB624202BDBB300140D59 /* SpotifyAlbumsList */ = {
			isa = PBXGroup;
			children = (
				5BFCB625202BDBD300140D59 /* SpotifyAlbums.swift */,
			);
			path = SpotifyAlbumsList;
			sourceTree = "<group>";
		};
/* End PBXGroup section */

/* Begin PBXNativeTarget section */
		5B7039151F6B260B008B912F /* RelayMusicPlayer */ = {
			isa = PBXNativeTarget;
			buildConfigurationList = 5B7039281F6B260B008B912F /* Build configuration list for PBXNativeTarget "RelayMusicPlayer" */;
			buildPhases = (
				5B7039121F6B260B008B912F /* Sources */,
				5B7039131F6B260B008B912F /* Frameworks */,
				5B7039141F6B260B008B912F /* Resources */,
			);
			buildRules = (
			);
			dependencies = (
			);
			name = RelayMusicPlayer;
			productName = RelayMusicPlayer;
			productReference = 5B7039161F6B260B008B912F /* RelayMusicPlayer.app */;
			productType = "com.apple.product-type.application";
		};
/* End PBXNativeTarget section */

/* Begin PBXProject section */
		5B70390E1F6B260B008B912F /* Project object */ = {
			isa = PBXProject;
			attributes = {
				LastSwiftUpdateCheck = 0900;
				LastUpgradeCheck = 0900;
				ORGANIZATIONNAME = "Christian Kraft";
				TargetAttributes = {
					5B7039151F6B260B008B912F = {
						CreatedOnToolsVersion = 9.0;
						LastSwiftMigration = 0900;
						ProvisioningStyle = Automatic;
					};
				};
			};
			buildConfigurationList = 5B7039111F6B260B008B912F /* Build configuration list for PBXProject "RelayMusicPlayer" */;
			compatibilityVersion = "Xcode 8.0";
			developmentRegion = en;
			hasScannedForEncodings = 0;
			knownRegions = (
				en,
				Base,
			);
			mainGroup = 5B70390D1F6B260B008B912F;
			productRefGroup = 5B7039171F6B260B008B912F /* Products */;
			projectDirPath = "";
			projectRoot = "";
			targets = (
				5B7039151F6B260B008B912F /* RelayMusicPlayer */,
			);
		};
/* End PBXProject section */

/* Begin PBXResourcesBuildPhase section */
		5B7039141F6B260B008B912F /* Resources */ = {
			isa = PBXResourcesBuildPhase;
			buildActionMask = 2147483647;
			files = (
				5B7039241F6B260B008B912F /* LaunchScreen.storyboard in Resources */,
				5B7039211F6B260B008B912F /* Assets.xcassets in Resources */,
				5B70391F1F6B260B008B912F /* Main.storyboard in Resources */,
			);
			runOnlyForDeploymentPostprocessing = 0;
		};
/* End PBXResourcesBuildPhase section */

/* Begin PBXSourcesBuildPhase section */
		5B7039121F6B260B008B912F /* Sources */ = {
			isa = PBXSourcesBuildPhase;
			buildActionMask = 2147483647;
			files = (
				5B3EA22B1FDDC32B004289A9 /* SpotifyCopyright.swift in Sources */,
				5BFCB617202BD6A300140D59 /* SpotifyFollowHandler.swift in Sources */,
				5B3EA2351FDDCB7D004289A9 /* SpotifyFollowers.swift in Sources */,
				5B75236B200B068800139277 /* SpotifyPlaylist.swift in Sources */,
				5BFCB61F202BD76900140D59 /* SpotifyPlaylistsHandler.swift in Sources */,
				5B7039331F6B2696008B912F /* MusicPlayer.swift in Sources */,
				5BC4E0761FB5399500BDAC00 /* Request.swift in Sources */,
				5B673181200AC6B900EC6AD4 /* SpotifyTrackLink.swift in Sources */,
				5B13B78E20275AE100571BE6 /* SpotifySearch.swift in Sources */,
				5BC4E06C1FB5337400BDAC00 /* Action.swift in Sources */,
				5BFCDB13202A897000D6B04F /* SpotifyAPIHandler.swift in Sources */,
				5B3EA22D1FDDC675004289A9 /* SpotifyExternalID.swift in Sources */,
				5B7039341F6B2696008B912F /* SystemMusicPlayer.swift in Sources */,
				5BB26D221FB8FD3D00007649 /* Playlist.swift in Sources */,
				5B7039361F6B2696008B912F /* MusicPlayerViewController.swift in Sources */,
				5B70391A1F6B260B008B912F /* AppDelegate.swift in Sources */,
				5BFCB619202BD6C600140D59 /* SpotifyLibraryHandler.swift in Sources */,
				5B7039351F6B2696008B912F /* MusicPlayerHandler.swift in Sources */,
				5B673187200AD6D900EC6AD4 /* SpotifyUser.swift in Sources */,
				5BC4E06E1FB5339200BDAC00 /* BaseEntity.swift in Sources */,
				5BFCB623202BD7BD00140D59 /* SpotifyTracksHandler.swift in Sources */,
				5B3EA2311FDDC97B004289A9 /* SpotifyImage.swift in Sources */,
				5BFCB61B202BD6F300140D59 /* SpotifyPersonalizationHandler.swift in Sources */,
				5BF74E401F742167007CFF20 /* BridgeViewController.m in Sources */,
				5B3EA2291FDDB766004289A9 /* SpotifyProtocol.swift in Sources */,
				5BFCDB11202A892000D6B04F /* SpotifySearchHandler.swift in Sources */,
				5BFCDB15202A89EE00D6B04F /* SpotifyAlbumsHandler.swift in Sources */,
				5BC4E0701FB538D000BDAC00 /* Artist.swift in Sources */,
				5B3EA2331FDDCA2E004289A9 /* SpotifyPaging.swift in Sources */,
				5BC4E0721FB538ED00BDAC00 /* Event.swift in Sources */,
				5BFCB626202BDBD300140D59 /* SpotifyAlbums.swift in Sources */,
				5B3EA2211FDC769D004289A9 /* SpotifyArtist.swift in Sources */,
				5B673183200AC7BB00EC6AD4 /* SpotifyRestriction.swift in Sources */,
				5B3EA2251FDD9358004289A9 /* SpotifyAlbum.swift in Sources */,
				5BC4E07A1FB539C800BDAC00 /* User.swift in Sources */,
				5B3EA2231FDC7A03004289A9 /* SpotifyTrack.swift in Sources */,
				5B673185200AD63700EC6AD4 /* SpotifyPlaylistTrack.swift in Sources */,
				5BFCB61D202BD73100140D59 /* SpotifyPlayerHandler.swift in Sources */,
				5BFCDB0F202A88D700D6B04F /* SpotifyArtistsHandler.swift in Sources */,
				5BC4E0781FB539B000BDAC00 /* Song.swift in Sources */,
				5B3EA22F1FDDC911004289A9 /* SpotifyExternalURL.swift in Sources */,
				5BFCB621202BD78D00140D59 /* SpotifyProfilesHandler.swift in Sources */,
				5B7039371F6B2696008B912F /* ApplicationMusicPlayer.swift in Sources */,
				5BC4E0741FB5397500BDAC00 /* Play.swift in Sources */,
				5B67317F200ABE8E00EC6AD4 /* Album.swift in Sources */,
				5BFCB615202BD64E00140D59 /* SpotifyBrowseHandler.swift in Sources */,
			);
			runOnlyForDeploymentPostprocessing = 0;
		};
/* End PBXSourcesBuildPhase section */

/* Begin PBXVariantGroup section */
		5B70391D1F6B260B008B912F /* Main.storyboard */ = {
			isa = PBXVariantGroup;
			children = (
				5B70391E1F6B260B008B912F /* Base */,
			);
			name = Main.storyboard;
			sourceTree = "<group>";
		};
		5B7039221F6B260B008B912F /* LaunchScreen.storyboard */ = {
			isa = PBXVariantGroup;
			children = (
				5B7039231F6B260B008B912F /* Base */,
			);
			name = LaunchScreen.storyboard;
			sourceTree = "<group>";
		};
/* End PBXVariantGroup section */

/* Begin XCBuildConfiguration section */
		5B7039261F6B260B008B912F /* Debug */ = {
			isa = XCBuildConfiguration;
			buildSettings = {
				ALWAYS_SEARCH_USER_PATHS = NO;
				CLANG_ANALYZER_NONNULL = YES;
				CLANG_ANALYZER_NUMBER_OBJECT_CONVERSION = YES_AGGRESSIVE;
				CLANG_CXX_LANGUAGE_STANDARD = "gnu++14";
				CLANG_CXX_LIBRARY = "libc++";
				CLANG_ENABLE_MODULES = YES;
				CLANG_ENABLE_OBJC_ARC = YES;
				CLANG_WARN_BLOCK_CAPTURE_AUTORELEASING = YES;
				CLANG_WARN_BOOL_CONVERSION = YES;
				CLANG_WARN_COMMA = YES;
				CLANG_WARN_CONSTANT_CONVERSION = YES;
				CLANG_WARN_DIRECT_OBJC_ISA_USAGE = YES_ERROR;
				CLANG_WARN_DOCUMENTATION_COMMENTS = YES;
				CLANG_WARN_EMPTY_BODY = YES;
				CLANG_WARN_ENUM_CONVERSION = YES;
				CLANG_WARN_INFINITE_RECURSION = YES;
				CLANG_WARN_INT_CONVERSION = YES;
				CLANG_WARN_NON_LITERAL_NULL_CONVERSION = YES;
				CLANG_WARN_OBJC_LITERAL_CONVERSION = YES;
				CLANG_WARN_OBJC_ROOT_CLASS = YES_ERROR;
				CLANG_WARN_RANGE_LOOP_ANALYSIS = YES;
				CLANG_WARN_STRICT_PROTOTYPES = YES;
				CLANG_WARN_SUSPICIOUS_MOVE = YES;
				CLANG_WARN_UNGUARDED_AVAILABILITY = YES_AGGRESSIVE;
				CLANG_WARN_UNREACHABLE_CODE = YES;
				CLANG_WARN__DUPLICATE_METHOD_MATCH = YES;
				CODE_SIGN_IDENTITY = "iPhone Developer";
				COPY_PHASE_STRIP = NO;
				DEBUG_INFORMATION_FORMAT = dwarf;
				ENABLE_STRICT_OBJC_MSGSEND = YES;
				ENABLE_TESTABILITY = YES;
				GCC_C_LANGUAGE_STANDARD = gnu11;
				GCC_DYNAMIC_NO_PIC = NO;
				GCC_NO_COMMON_BLOCKS = YES;
				GCC_OPTIMIZATION_LEVEL = 0;
				GCC_PREPROCESSOR_DEFINITIONS = (
					"DEBUG=1",
					"$(inherited)",
				);
				GCC_WARN_64_TO_32_BIT_CONVERSION = YES;
				GCC_WARN_ABOUT_RETURN_TYPE = YES_ERROR;
				GCC_WARN_UNDECLARED_SELECTOR = YES;
				GCC_WARN_UNINITIALIZED_AUTOS = YES_AGGRESSIVE;
				GCC_WARN_UNUSED_FUNCTION = YES;
				GCC_WARN_UNUSED_VARIABLE = YES;
				IPHONEOS_DEPLOYMENT_TARGET = 11.0;
				MTL_ENABLE_DEBUG_INFO = YES;
				ONLY_ACTIVE_ARCH = YES;
				SDKROOT = iphoneos;
				SWIFT_ACTIVE_COMPILATION_CONDITIONS = DEBUG;
				SWIFT_OPTIMIZATION_LEVEL = "-Onone";
			};
			name = Debug;
		};
		5B7039271F6B260B008B912F /* Release */ = {
			isa = XCBuildConfiguration;
			buildSettings = {
				ALWAYS_SEARCH_USER_PATHS = NO;
				CLANG_ANALYZER_NONNULL = YES;
				CLANG_ANALYZER_NUMBER_OBJECT_CONVERSION = YES_AGGRESSIVE;
				CLANG_CXX_LANGUAGE_STANDARD = "gnu++14";
				CLANG_CXX_LIBRARY = "libc++";
				CLANG_ENABLE_MODULES = YES;
				CLANG_ENABLE_OBJC_ARC = YES;
				CLANG_WARN_BLOCK_CAPTURE_AUTORELEASING = YES;
				CLANG_WARN_BOOL_CONVERSION = YES;
				CLANG_WARN_COMMA = YES;
				CLANG_WARN_CONSTANT_CONVERSION = YES;
				CLANG_WARN_DIRECT_OBJC_ISA_USAGE = YES_ERROR;
				CLANG_WARN_DOCUMENTATION_COMMENTS = YES;
				CLANG_WARN_EMPTY_BODY = YES;
				CLANG_WARN_ENUM_CONVERSION = YES;
				CLANG_WARN_INFINITE_RECURSION = YES;
				CLANG_WARN_INT_CONVERSION = YES;
				CLANG_WARN_NON_LITERAL_NULL_CONVERSION = YES;
				CLANG_WARN_OBJC_LITERAL_CONVERSION = YES;
				CLANG_WARN_OBJC_ROOT_CLASS = YES_ERROR;
				CLANG_WARN_RANGE_LOOP_ANALYSIS = YES;
				CLANG_WARN_STRICT_PROTOTYPES = YES;
				CLANG_WARN_SUSPICIOUS_MOVE = YES;
				CLANG_WARN_UNGUARDED_AVAILABILITY = YES_AGGRESSIVE;
				CLANG_WARN_UNREACHABLE_CODE = YES;
				CLANG_WARN__DUPLICATE_METHOD_MATCH = YES;
				CODE_SIGN_IDENTITY = "iPhone Developer";
				COPY_PHASE_STRIP = NO;
				DEBUG_INFORMATION_FORMAT = "dwarf-with-dsym";
				ENABLE_NS_ASSERTIONS = NO;
				ENABLE_STRICT_OBJC_MSGSEND = YES;
				GCC_C_LANGUAGE_STANDARD = gnu11;
				GCC_NO_COMMON_BLOCKS = YES;
				GCC_WARN_64_TO_32_BIT_CONVERSION = YES;
				GCC_WARN_ABOUT_RETURN_TYPE = YES_ERROR;
				GCC_WARN_UNDECLARED_SELECTOR = YES;
				GCC_WARN_UNINITIALIZED_AUTOS = YES_AGGRESSIVE;
				GCC_WARN_UNUSED_FUNCTION = YES;
				GCC_WARN_UNUSED_VARIABLE = YES;
				IPHONEOS_DEPLOYMENT_TARGET = 11.0;
				MTL_ENABLE_DEBUG_INFO = NO;
				SDKROOT = iphoneos;
				SWIFT_OPTIMIZATION_LEVEL = "-Owholemodule";
				VALIDATE_PRODUCT = YES;
			};
			name = Release;
		};
		5B7039291F6B260B008B912F /* Debug */ = {
			isa = XCBuildConfiguration;
			buildSettings = {
				ASSETCATALOG_COMPILER_APPICON_NAME = AppIcon;
				CLANG_ENABLE_MODULES = YES;
				CODE_SIGN_STYLE = Automatic;
				DEVELOPMENT_TEAM = 5JAD8P5382;
				FRAMEWORK_SEARCH_PATHS = (
					"$(inherited)",
					"$(PROJECT_DIR)/RelayMusicPlayer/SpotifySDKFramworks",
					"$(PROJECT_DIR)",
				);
				"FRAMEWORK_SEARCH_PATHS[arch=*]" = "$(inherited)";
				INFOPLIST_FILE = RelayMusicPlayer/Info.plist;
				LD_RUNPATH_SEARCH_PATHS = "$(inherited) @executable_path/Frameworks";
				OTHER_CFLAGS = (
					"$(inherited)",
					"-iquote",
				);
				OTHER_LDFLAGS = "-ObjC";
				PRODUCT_BUNDLE_IDENTIFIER = me.christiankraft.RelayMusicPlayer;
				PRODUCT_NAME = "$(TARGET_NAME)";
				SWIFT_OBJC_BRIDGING_HEADER = "RelayMusicPlayer/RelayMusicPlayer-Bridging-Header.h";
				SWIFT_OPTIMIZATION_LEVEL = "-Onone";
				SWIFT_VERSION = 4.0;
				TARGETED_DEVICE_FAMILY = "1,2";
			};
			name = Debug;
		};
		5B70392A1F6B260B008B912F /* Release */ = {
			isa = XCBuildConfiguration;
			buildSettings = {
				ASSETCATALOG_COMPILER_APPICON_NAME = AppIcon;
				CLANG_ENABLE_MODULES = YES;
				CODE_SIGN_STYLE = Automatic;
				DEVELOPMENT_TEAM = 5JAD8P5382;
				FRAMEWORK_SEARCH_PATHS = (
					"$(inherited)",
					"$(PROJECT_DIR)/RelayMusicPlayer/SpotifySDKFramworks",
					"$(PROJECT_DIR)",
				);
				"FRAMEWORK_SEARCH_PATHS[arch=*]" = "$(inherited)";
				INFOPLIST_FILE = RelayMusicPlayer/Info.plist;
				LD_RUNPATH_SEARCH_PATHS = "$(inherited) @executable_path/Frameworks";
				OTHER_CFLAGS = (
					"$(inherited)",
					"-iquote",
				);
				OTHER_LDFLAGS = "-ObjC";
				PRODUCT_BUNDLE_IDENTIFIER = me.christiankraft.RelayMusicPlayer;
				PRODUCT_NAME = "$(TARGET_NAME)";
				SWIFT_OBJC_BRIDGING_HEADER = "RelayMusicPlayer/RelayMusicPlayer-Bridging-Header.h";
				SWIFT_VERSION = 4.0;
				TARGETED_DEVICE_FAMILY = "1,2";
			};
			name = Release;
		};
/* End XCBuildConfiguration section */

/* Begin XCConfigurationList section */
		5B7039111F6B260B008B912F /* Build configuration list for PBXProject "RelayMusicPlayer" */ = {
			isa = XCConfigurationList;
			buildConfigurations = (
				5B7039261F6B260B008B912F /* Debug */,
				5B7039271F6B260B008B912F /* Release */,
			);
			defaultConfigurationIsVisible = 0;
			defaultConfigurationName = Release;
		};
		5B7039281F6B260B008B912F /* Build configuration list for PBXNativeTarget "RelayMusicPlayer" */ = {
			isa = XCConfigurationList;
			buildConfigurations = (
				5B7039291F6B260B008B912F /* Debug */,
				5B70392A1F6B260B008B912F /* Release */,
			);
			defaultConfigurationIsVisible = 0;
			defaultConfigurationName = Release;
		};
/* End XCConfigurationList section */
	};
	rootObject = 5B70390E1F6B260B008B912F /* Project object */;
}
