// !$*UTF8*$!
{
	archiveVersion = 1;
	classes = {
	};
	objectVersion = 48;
	objects = {

/* Begin PBXBuildFile section */
		5B3556251F6C3A470068CF3C /* AVFoundation.framework in Frameworks */ = {isa = PBXBuildFile; fileRef = 5B3556241F6C3A460068CF3C /* AVFoundation.framework */; };
		5B432E091F741FD000EA6619 /* SpotifyAuthentication.framework in Frameworks */ = {isa = PBXBuildFile; fileRef = 5B432E081F741FAD00EA6619 /* SpotifyAuthentication.framework */; };
		5B432E0A1F741FD300EA6619 /* SpotifyAudioPlayback.framework in Frameworks */ = {isa = PBXBuildFile; fileRef = 5B432E071F741FAD00EA6619 /* SpotifyAudioPlayback.framework */; };
		5B70391A1F6B260B008B912F /* AppDelegate.swift in Sources */ = {isa = PBXBuildFile; fileRef = 5B7039191F6B260B008B912F /* AppDelegate.swift */; };
		5B70391F1F6B260B008B912F /* Main.storyboard in Resources */ = {isa = PBXBuildFile; fileRef = 5B70391D1F6B260B008B912F /* Main.storyboard */; };
		5B7039211F6B260B008B912F /* Assets.xcassets in Resources */ = {isa = PBXBuildFile; fileRef = 5B7039201F6B260B008B912F /* Assets.xcassets */; };
		5B7039241F6B260B008B912F /* LaunchScreen.storyboard in Resources */ = {isa = PBXBuildFile; fileRef = 5B7039221F6B260B008B912F /* LaunchScreen.storyboard */; };
		5B7039331F6B2696008B912F /* MusicPlayer.swift in Sources */ = {isa = PBXBuildFile; fileRef = 5B70392D1F6B2695008B912F /* MusicPlayer.swift */; };
		5B7039341F6B2696008B912F /* SystemMusicPlayer.swift in Sources */ = {isa = PBXBuildFile; fileRef = 5B70392E1F6B2695008B912F /* SystemMusicPlayer.swift */; };
		5B7039351F6B2696008B912F /* MusicPlayerHandler.swift in Sources */ = {isa = PBXBuildFile; fileRef = 5B7039301F6B2695008B912F /* MusicPlayerHandler.swift */; };
		5B7039361F6B2696008B912F /* MusicPlayerViewController.swift in Sources */ = {isa = PBXBuildFile; fileRef = 5B7039311F6B2695008B912F /* MusicPlayerViewController.swift */; };
		5B7039371F6B2696008B912F /* ApplicationMusicPlayer.swift in Sources */ = {isa = PBXBuildFile; fileRef = 5B7039321F6B2695008B912F /* ApplicationMusicPlayer.swift */; };
		5B961F6D1F6C3AC200725E4F /* SystemConfiguration.framework in Frameworks */ = {isa = PBXBuildFile; fileRef = 5B961F6C1F6C3AC200725E4F /* SystemConfiguration.framework */; };
		5BE77E141F7DBFCA002E6139 /* SearchHandler.swift in Sources */ = {isa = PBXBuildFile; fileRef = 5BE77E131F7DBFCA002E6139 /* SearchHandler.swift */; };
		5BE77E161F7DBFE7002E6139 /* APIHandler.swift in Sources */ = {isa = PBXBuildFile; fileRef = 5BE77E151F7DBFE7002E6139 /* APIHandler.swift */; };
		5BF74E401F742167007CFF20 /* BridgeViewController.m in Sources */ = {isa = PBXBuildFile; fileRef = 5BF74E3F1F742167007CFF20 /* BridgeViewController.m */; };
/* End PBXBuildFile section */

/* Begin PBXFileReference section */
		1198EAFBE2E8E32C84C0E323 /* Pods-RelayMusicPlayer.release.xcconfig */ = {isa = PBXFileReference; includeInIndex = 1; lastKnownFileType = text.xcconfig; name = "Pods-RelayMusicPlayer.release.xcconfig"; path = "Pods/Target Support Files/Pods-RelayMusicPlayer/Pods-RelayMusicPlayer.release.xcconfig"; sourceTree = "<group>"; };
		5B3556241F6C3A460068CF3C /* AVFoundation.framework */ = {isa = PBXFileReference; lastKnownFileType = wrapper.framework; name = AVFoundation.framework; path = System/Library/Frameworks/AVFoundation.framework; sourceTree = SDKROOT; };
		5B432E071F741FAD00EA6619 /* SpotifyAudioPlayback.framework */ = {isa = PBXFileReference; lastKnownFileType = wrapper.framework; path = SpotifyAudioPlayback.framework; sourceTree = "<group>"; };
		5B432E081F741FAD00EA6619 /* SpotifyAuthentication.framework */ = {isa = PBXFileReference; lastKnownFileType = wrapper.framework; path = SpotifyAuthentication.framework; sourceTree = "<group>"; };
		5B7039161F6B260B008B912F /* RelayMusicPlayer.app */ = {isa = PBXFileReference; explicitFileType = wrapper.application; includeInIndex = 0; path = RelayMusicPlayer.app; sourceTree = BUILT_PRODUCTS_DIR; };
		5B7039191F6B260B008B912F /* AppDelegate.swift */ = {isa = PBXFileReference; lastKnownFileType = sourcecode.swift; path = AppDelegate.swift; sourceTree = "<group>"; };
		5B70391E1F6B260B008B912F /* Base */ = {isa = PBXFileReference; lastKnownFileType = file.storyboard; name = Base; path = Base.lproj/Main.storyboard; sourceTree = "<group>"; };
		5B7039201F6B260B008B912F /* Assets.xcassets */ = {isa = PBXFileReference; lastKnownFileType = folder.assetcatalog; path = Assets.xcassets; sourceTree = "<group>"; };
		5B7039231F6B260B008B912F /* Base */ = {isa = PBXFileReference; lastKnownFileType = file.storyboard; name = Base; path = Base.lproj/LaunchScreen.storyboard; sourceTree = "<group>"; };
		5B7039251F6B260B008B912F /* Info.plist */ = {isa = PBXFileReference; lastKnownFileType = text.plist.xml; path = Info.plist; sourceTree = "<group>"; };
		5B70392B1F6B2660008B912F /* Ideas */ = {isa = PBXFileReference; lastKnownFileType = text; path = Ideas; sourceTree = "<group>"; };
		5B70392D1F6B2695008B912F /* MusicPlayer.swift */ = {isa = PBXFileReference; lastKnownFileType = sourcecode.swift; path = MusicPlayer.swift; sourceTree = "<group>"; };
		5B70392E1F6B2695008B912F /* SystemMusicPlayer.swift */ = {isa = PBXFileReference; lastKnownFileType = sourcecode.swift; path = SystemMusicPlayer.swift; sourceTree = "<group>"; };
		5B7039301F6B2695008B912F /* MusicPlayerHandler.swift */ = {isa = PBXFileReference; lastKnownFileType = sourcecode.swift; path = MusicPlayerHandler.swift; sourceTree = "<group>"; };
		5B7039311F6B2695008B912F /* MusicPlayerViewController.swift */ = {isa = PBXFileReference; lastKnownFileType = sourcecode.swift; path = MusicPlayerViewController.swift; sourceTree = "<group>"; };
		5B7039321F6B2695008B912F /* ApplicationMusicPlayer.swift */ = {isa = PBXFileReference; lastKnownFileType = sourcecode.swift; path = ApplicationMusicPlayer.swift; sourceTree = "<group>"; };
		5B961F6C1F6C3AC200725E4F /* SystemConfiguration.framework */ = {isa = PBXFileReference; lastKnownFileType = wrapper.framework; name = SystemConfiguration.framework; path = System/Library/Frameworks/SystemConfiguration.framework; sourceTree = SDKROOT; };
		5B961F731F6C3E2F00725E4F /* SpotifyAudioPlayback.framework */ = {isa = PBXFileReference; lastKnownFileType = wrapper.framework; path = SpotifyAudioPlayback.framework; sourceTree = "<group>"; };
		5B961F741F6C3E2F00725E4F /* SpotifyAuthentication.framework */ = {isa = PBXFileReference; lastKnownFileType = wrapper.framework; path = SpotifyAuthentication.framework; sourceTree = "<group>"; };
		5B961F751F6C3E6E00725E4F /* SpotifyMetadata.framework */ = {isa = PBXFileReference; lastKnownFileType = wrapper.framework; path = SpotifyMetadata.framework; sourceTree = "<group>"; };
		5BE77E131F7DBFCA002E6139 /* SearchHandler.swift */ = {isa = PBXFileReference; lastKnownFileType = sourcecode.swift; path = SearchHandler.swift; sourceTree = "<group>"; };
		5BE77E151F7DBFE7002E6139 /* APIHandler.swift */ = {isa = PBXFileReference; lastKnownFileType = sourcecode.swift; path = APIHandler.swift; sourceTree = "<group>"; };
		5BF74E3E1F742167007CFF20 /* BridgeViewController.h */ = {isa = PBXFileReference; lastKnownFileType = sourcecode.c.h; path = BridgeViewController.h; sourceTree = "<group>"; };
		5BF74E3F1F742167007CFF20 /* BridgeViewController.m */ = {isa = PBXFileReference; lastKnownFileType = sourcecode.c.objc; path = BridgeViewController.m; sourceTree = "<group>"; };
		5BF74E411F7421C9007CFF20 /* RelayMusicPlayer-Bridging-Header.h */ = {isa = PBXFileReference; lastKnownFileType = sourcecode.c.h; path = "RelayMusicPlayer-Bridging-Header.h"; sourceTree = "<group>"; };
		7F7AC64A79128E2F08092CD9 /* Pods-RelayMusicPlayer.debug.xcconfig */ = {isa = PBXFileReference; includeInIndex = 1; lastKnownFileType = text.xcconfig; name = "Pods-RelayMusicPlayer.debug.xcconfig"; path = "Pods/Target Support Files/Pods-RelayMusicPlayer/Pods-RelayMusicPlayer.debug.xcconfig"; sourceTree = "<group>"; };
/* End PBXFileReference section */

/* Begin PBXFrameworksBuildPhase section */
		5B7039131F6B260B008B912F /* Frameworks */ = {
			isa = PBXFrameworksBuildPhase;
			buildActionMask = 2147483647;
			files = (
				5B961F6D1F6C3AC200725E4F /* SystemConfiguration.framework in Frameworks */,
				5B3556251F6C3A470068CF3C /* AVFoundation.framework in Frameworks */,
				5B432E0A1F741FD300EA6619 /* SpotifyAudioPlayback.framework in Frameworks */,
				5B432E091F741FD000EA6619 /* SpotifyAuthentication.framework in Frameworks */,
			);
			runOnlyForDeploymentPostprocessing = 0;
		};
/* End PBXFrameworksBuildPhase section */

/* Begin PBXGroup section */
		1F8AFDEC8088BFD40A219C2A /* Pods */ = {
			isa = PBXGroup;
			children = (
				7F7AC64A79128E2F08092CD9 /* Pods-RelayMusicPlayer.debug.xcconfig */,
				1198EAFBE2E8E32C84C0E323 /* Pods-RelayMusicPlayer.release.xcconfig */,
			);
			name = Pods;
			sourceTree = "<group>";
		};
		5B3556231F6C3A460068CF3C /* Frameworks */ = {
			isa = PBXGroup;
			children = (
				5B432E071F741FAD00EA6619 /* SpotifyAudioPlayback.framework */,
				5B432E081F741FAD00EA6619 /* SpotifyAuthentication.framework */,
				5B961F6C1F6C3AC200725E4F /* SystemConfiguration.framework */,
				5B3556241F6C3A460068CF3C /* AVFoundation.framework */,
			);
			name = Frameworks;
			sourceTree = "<group>";
		};
		5B70390D1F6B260B008B912F = {
			isa = PBXGroup;
			children = (
				5B7039181F6B260B008B912F /* RelayMusicPlayer */,
				5B7039171F6B260B008B912F /* Products */,
				5B3556231F6C3A460068CF3C /* Frameworks */,
				1F8AFDEC8088BFD40A219C2A /* Pods */,
			);
			sourceTree = "<group>";
		};
		5B7039171F6B260B008B912F /* Products */ = {
			isa = PBXGroup;
			children = (
				5B7039161F6B260B008B912F /* RelayMusicPlayer.app */,
			);
			name = Products;
			sourceTree = "<group>";
		};
		5B7039181F6B260B008B912F /* RelayMusicPlayer */ = {
			isa = PBXGroup;
			children = (
				5BE77E101F7DBF18002E6139 /* SpotifyWrapper */,
				5B961F721F6C3E1D00725E4F /* SpotifySDKFramworks */,
				5B7039321F6B2695008B912F /* ApplicationMusicPlayer.swift */,
				5B70392D1F6B2695008B912F /* MusicPlayer.swift */,
				5B7039301F6B2695008B912F /* MusicPlayerHandler.swift */,
				5B7039311F6B2695008B912F /* MusicPlayerViewController.swift */,
				5B70392E1F6B2695008B912F /* SystemMusicPlayer.swift */,
				5B70392C1F6B2664008B912F /* Misc */,
				5B7039191F6B260B008B912F /* AppDelegate.swift */,
				5B70391D1F6B260B008B912F /* Main.storyboard */,
				5B7039201F6B260B008B912F /* Assets.xcassets */,
				5B7039221F6B260B008B912F /* LaunchScreen.storyboard */,
				5B7039251F6B260B008B912F /* Info.plist */,
				5BF74E3E1F742167007CFF20 /* BridgeViewController.h */,
				5BF74E3F1F742167007CFF20 /* BridgeViewController.m */,
				5BF74E411F7421C9007CFF20 /* RelayMusicPlayer-Bridging-Header.h */,
			);
			path = RelayMusicPlayer;
			sourceTree = "<group>";
		};
		5B70392C1F6B2664008B912F /* Misc */ = {
			isa = PBXGroup;
			children = (
				5B70392B1F6B2660008B912F /* Ideas */,
			);
			path = Misc;
			sourceTree = "<group>";
		};
		5B961F721F6C3E1D00725E4F /* SpotifySDKFramworks */ = {
			isa = PBXGroup;
			children = (
				5B961F751F6C3E6E00725E4F /* SpotifyMetadata.framework */,
				5B961F731F6C3E2F00725E4F /* SpotifyAudioPlayback.framework */,
				5B961F741F6C3E2F00725E4F /* SpotifyAuthentication.framework */,
			);
			path = SpotifySDKFramworks;
			sourceTree = "<group>";
		};
		5BE77E101F7DBF18002E6139 /* SpotifyWrapper */ = {
			isa = PBXGroup;
			children = (
				5BE77E131F7DBFCA002E6139 /* SearchHandler.swift */,
				5BE77E151F7DBFE7002E6139 /* APIHandler.swift */,
			);
			path = SpotifyWrapper;
			sourceTree = "<group>";
		};
/* End PBXGroup section */

/* Begin PBXNativeTarget section */
		5B7039151F6B260B008B912F /* RelayMusicPlayer */ = {
			isa = PBXNativeTarget;
			buildConfigurationList = 5B7039281F6B260B008B912F /* Build configuration list for PBXNativeTarget "RelayMusicPlayer" */;
			buildPhases = (
				7EB03901453327B4CE9B1BE5 /* [CP] Check Pods Manifest.lock */,
				5B7039121F6B260B008B912F /* Sources */,
				5B7039131F6B260B008B912F /* Frameworks */,
				5B7039141F6B260B008B912F /* Resources */,
				868F089E87F1460A9D149445 /* [CP] Embed Pods Frameworks */,
				0A7F784BA813E5B38D294714 /* [CP] Copy Pods Resources */,
			);
			buildRules = (
			);
			dependencies = (
			);
			name = RelayMusicPlayer;
			productName = RelayMusicPlayer;
			productReference = 5B7039161F6B260B008B912F /* RelayMusicPlayer.app */;
			productType = "com.apple.product-type.application";
		};
/* End PBXNativeTarget section */

/* Begin PBXProject section */
		5B70390E1F6B260B008B912F /* Project object */ = {
			isa = PBXProject;
			attributes = {
				LastSwiftUpdateCheck = 0900;
				LastUpgradeCheck = 0900;
				ORGANIZATIONNAME = "Christian Kraft";
				TargetAttributes = {
					5B7039151F6B260B008B912F = {
						CreatedOnToolsVersion = 9.0;
						LastSwiftMigration = 0900;
						ProvisioningStyle = Automatic;
					};
				};
			};
			buildConfigurationList = 5B7039111F6B260B008B912F /* Build configuration list for PBXProject "RelayMusicPlayer" */;
			compatibilityVersion = "Xcode 8.0";
			developmentRegion = en;
			hasScannedForEncodings = 0;
			knownRegions = (
				en,
				Base,
			);
			mainGroup = 5B70390D1F6B260B008B912F;
			productRefGroup = 5B7039171F6B260B008B912F /* Products */;
			projectDirPath = "";
			projectRoot = "";
			targets = (
				5B7039151F6B260B008B912F /* RelayMusicPlayer */,
			);
		};
/* End PBXProject section */

/* Begin PBXResourcesBuildPhase section */
		5B7039141F6B260B008B912F /* Resources */ = {
			isa = PBXResourcesBuildPhase;
			buildActionMask = 2147483647;
			files = (
				5B7039241F6B260B008B912F /* LaunchScreen.storyboard in Resources */,
				5B7039211F6B260B008B912F /* Assets.xcassets in Resources */,
				5B70391F1F6B260B008B912F /* Main.storyboard in Resources */,
			);
			runOnlyForDeploymentPostprocessing = 0;
		};
/* End PBXResourcesBuildPhase section */

/* Begin PBXShellScriptBuildPhase section */
		0A7F784BA813E5B38D294714 /* [CP] Copy Pods Resources */ = {
			isa = PBXShellScriptBuildPhase;
			buildActionMask = 2147483647;
			files = (
			);
			inputPaths = (
			);
			name = "[CP] Copy Pods Resources";
			outputPaths = (
			);
			runOnlyForDeploymentPostprocessing = 0;
			shellPath = /bin/sh;
			shellScript = "";
			showEnvVarsInLog = 0;
		};
		7EB03901453327B4CE9B1BE5 /* [CP] Check Pods Manifest.lock */ = {
			isa = PBXShellScriptBuildPhase;
			buildActionMask = 2147483647;
			files = (
			);
			inputPaths = (
				"${PODS_PODFILE_DIR_PATH}/Podfile.lock",
				"${PODS_ROOT}/Manifest.lock",
			);
			name = "[CP] Check Pods Manifest.lock";
			outputPaths = (
				"$(DERIVED_FILE_DIR)/Pods-RelayMusicPlayer-checkManifestLockResult.txt",
			);
			runOnlyForDeploymentPostprocessing = 0;
			shellPath = /bin/sh;
			shellScript = "diff \"${PODS_PODFILE_DIR_PATH}/Podfile.lock\" \"${PODS_ROOT}/Manifest.lock\" > /dev/null\nif [ $? != 0 ] ; then\n    # print error to STDERR\n    echo \"error: The sandbox is not in sync with the Podfile.lock. Run 'pod install' or update your CocoaPods installation.\" >&2\n    exit 1\nfi\n# This output is used by Xcode 'outputs' to avoid re-running this script phase.\necho \"SUCCESS\" > \"${SCRIPT_OUTPUT_FILE_0}\"\n";
			showEnvVarsInLog = 0;
		};
		868F089E87F1460A9D149445 /* [CP] Embed Pods Frameworks */ = {
			isa = PBXShellScriptBuildPhase;
			buildActionMask = 2147483647;
			files = (
			);
			inputPaths = (
			);
			name = "[CP] Embed Pods Frameworks";
			outputPaths = (
			);
			runOnlyForDeploymentPostprocessing = 0;
			shellPath = /bin/sh;
			shellScript = "";
			showEnvVarsInLog = 0;
		};
/* End PBXShellScriptBuildPhase section */

/* Begin PBXSourcesBuildPhase section */
		5B7039121F6B260B008B912F /* Sources */ = {
			isa = PBXSourcesBuildPhase;
			buildActionMask = 2147483647;
			files = (
				5B7039331F6B2696008B912F /* MusicPlayer.swift in Sources */,
				5B7039341F6B2696008B912F /* SystemMusicPlayer.swift in Sources */,
				5B7039361F6B2696008B912F /* MusicPlayerViewController.swift in Sources */,
				5B70391A1F6B260B008B912F /* AppDelegate.swift in Sources */,
				5B7039351F6B2696008B912F /* MusicPlayerHandler.swift in Sources */,
				5BF74E401F742167007CFF20 /* BridgeViewController.m in Sources */,
				5BE77E161F7DBFE7002E6139 /* APIHandler.swift in Sources */,
				5BE77E141F7DBFCA002E6139 /* SearchHandler.swift in Sources */,
				5B7039371F6B2696008B912F /* ApplicationMusicPlayer.swift in Sources */,
			);
			runOnlyForDeploymentPostprocessing = 0;
		};
/* End PBXSourcesBuildPhase section */

/* Begin PBXVariantGroup section */
		5B70391D1F6B260B008B912F /* Main.storyboard */ = {
			isa = PBXVariantGroup;
			children = (
				5B70391E1F6B260B008B912F /* Base */,
			);
			name = Main.storyboard;
			sourceTree = "<group>";
		};
		5B7039221F6B260B008B912F /* LaunchScreen.storyboard */ = {
			isa = PBXVariantGroup;
			children = (
				5B7039231F6B260B008B912F /* Base */,
			);
			name = LaunchScreen.storyboard;
			sourceTree = "<group>";
		};
/* End PBXVariantGroup section */

/* Begin XCBuildConfiguration section */
		5B7039261F6B260B008B912F /* Debug */ = {
			isa = XCBuildConfiguration;
			buildSettings = {
				ALWAYS_SEARCH_USER_PATHS = NO;
				CLANG_ANALYZER_NONNULL = YES;
				CLANG_ANALYZER_NUMBER_OBJECT_CONVERSION = YES_AGGRESSIVE;
				CLANG_CXX_LANGUAGE_STANDARD = "gnu++14";
				CLANG_CXX_LIBRARY = "libc++";
				CLANG_ENABLE_MODULES = YES;
				CLANG_ENABLE_OBJC_ARC = YES;
				CLANG_WARN_BLOCK_CAPTURE_AUTORELEASING = YES;
				CLANG_WARN_BOOL_CONVERSION = YES;
				CLANG_WARN_COMMA = YES;
				CLANG_WARN_CONSTANT_CONVERSION = YES;
				CLANG_WARN_DIRECT_OBJC_ISA_USAGE = YES_ERROR;
				CLANG_WARN_DOCUMENTATION_COMMENTS = YES;
				CLANG_WARN_EMPTY_BODY = YES;
				CLANG_WARN_ENUM_CONVERSION = YES;
				CLANG_WARN_INFINITE_RECURSION = YES;
				CLANG_WARN_INT_CONVERSION = YES;
				CLANG_WARN_NON_LITERAL_NULL_CONVERSION = YES;
				CLANG_WARN_OBJC_LITERAL_CONVERSION = YES;
				CLANG_WARN_OBJC_ROOT_CLASS = YES_ERROR;
				CLANG_WARN_RANGE_LOOP_ANALYSIS = YES;
				CLANG_WARN_STRICT_PROTOTYPES = YES;
				CLANG_WARN_SUSPICIOUS_MOVE = YES;
				CLANG_WARN_UNGUARDED_AVAILABILITY = YES_AGGRESSIVE;
				CLANG_WARN_UNREACHABLE_CODE = YES;
				CLANG_WARN__DUPLICATE_METHOD_MATCH = YES;
				CODE_SIGN_IDENTITY = "iPhone Developer";
				COPY_PHASE_STRIP = NO;
				DEBUG_INFORMATION_FORMAT = dwarf;
				ENABLE_STRICT_OBJC_MSGSEND = YES;
				ENABLE_TESTABILITY = YES;
				GCC_C_LANGUAGE_STANDARD = gnu11;
				GCC_DYNAMIC_NO_PIC = NO;
				GCC_NO_COMMON_BLOCKS = YES;
				GCC_OPTIMIZATION_LEVEL = 0;
				GCC_PREPROCESSOR_DEFINITIONS = (
					"DEBUG=1",
					"$(inherited)",
				);
				GCC_WARN_64_TO_32_BIT_CONVERSION = YES;
				GCC_WARN_ABOUT_RETURN_TYPE = YES_ERROR;
				GCC_WARN_UNDECLARED_SELECTOR = YES;
				GCC_WARN_UNINITIALIZED_AUTOS = YES_AGGRESSIVE;
				GCC_WARN_UNUSED_FUNCTION = YES;
				GCC_WARN_UNUSED_VARIABLE = YES;
				IPHONEOS_DEPLOYMENT_TARGET = 11.0;
				MTL_ENABLE_DEBUG_INFO = YES;
				ONLY_ACTIVE_ARCH = YES;
				SDKROOT = iphoneos;
				SWIFT_ACTIVE_COMPILATION_CONDITIONS = DEBUG;
				SWIFT_OPTIMIZATION_LEVEL = "-Onone";
			};
			name = Debug;
		};
		5B7039271F6B260B008B912F /* Release */ = {
			isa = XCBuildConfiguration;
			buildSettings = {
				ALWAYS_SEARCH_USER_PATHS = NO;
				CLANG_ANALYZER_NONNULL = YES;
				CLANG_ANALYZER_NUMBER_OBJECT_CONVERSION = YES_AGGRESSIVE;
				CLANG_CXX_LANGUAGE_STANDARD = "gnu++14";
				CLANG_CXX_LIBRARY = "libc++";
				CLANG_ENABLE_MODULES = YES;
				CLANG_ENABLE_OBJC_ARC = YES;
				CLANG_WARN_BLOCK_CAPTURE_AUTORELEASING = YES;
				CLANG_WARN_BOOL_CONVERSION = YES;
				CLANG_WARN_COMMA = YES;
				CLANG_WARN_CONSTANT_CONVERSION = YES;
				CLANG_WARN_DIRECT_OBJC_ISA_USAGE = YES_ERROR;
				CLANG_WARN_DOCUMENTATION_COMMENTS = YES;
				CLANG_WARN_EMPTY_BODY = YES;
				CLANG_WARN_ENUM_CONVERSION = YES;
				CLANG_WARN_INFINITE_RECURSION = YES;
				CLANG_WARN_INT_CONVERSION = YES;
				CLANG_WARN_NON_LITERAL_NULL_CONVERSION = YES;
				CLANG_WARN_OBJC_LITERAL_CONVERSION = YES;
				CLANG_WARN_OBJC_ROOT_CLASS = YES_ERROR;
				CLANG_WARN_RANGE_LOOP_ANALYSIS = YES;
				CLANG_WARN_STRICT_PROTOTYPES = YES;
				CLANG_WARN_SUSPICIOUS_MOVE = YES;
				CLANG_WARN_UNGUARDED_AVAILABILITY = YES_AGGRESSIVE;
				CLANG_WARN_UNREACHABLE_CODE = YES;
				CLANG_WARN__DUPLICATE_METHOD_MATCH = YES;
				CODE_SIGN_IDENTITY = "iPhone Developer";
				COPY_PHASE_STRIP = NO;
				DEBUG_INFORMATION_FORMAT = "dwarf-with-dsym";
				ENABLE_NS_ASSERTIONS = NO;
				ENABLE_STRICT_OBJC_MSGSEND = YES;
				GCC_C_LANGUAGE_STANDARD = gnu11;
				GCC_NO_COMMON_BLOCKS = YES;
				GCC_WARN_64_TO_32_BIT_CONVERSION = YES;
				GCC_WARN_ABOUT_RETURN_TYPE = YES_ERROR;
				GCC_WARN_UNDECLARED_SELECTOR = YES;
				GCC_WARN_UNINITIALIZED_AUTOS = YES_AGGRESSIVE;
				GCC_WARN_UNUSED_FUNCTION = YES;
				GCC_WARN_UNUSED_VARIABLE = YES;
				IPHONEOS_DEPLOYMENT_TARGET = 11.0;
				MTL_ENABLE_DEBUG_INFO = NO;
				SDKROOT = iphoneos;
				SWIFT_OPTIMIZATION_LEVEL = "-Owholemodule";
				VALIDATE_PRODUCT = YES;
			};
			name = Release;
		};
		5B7039291F6B260B008B912F /* Debug */ = {
			isa = XCBuildConfiguration;
			baseConfigurationReference = 7F7AC64A79128E2F08092CD9 /* Pods-RelayMusicPlayer.debug.xcconfig */;
			buildSettings = {
				ASSETCATALOG_COMPILER_APPICON_NAME = AppIcon;
				CLANG_ENABLE_MODULES = YES;
				CODE_SIGN_STYLE = Automatic;
				DEVELOPMENT_TEAM = 5JAD8P5382;
				FRAMEWORK_SEARCH_PATHS = (
					"$(inherited)",
					"$(PROJECT_DIR)/RelayMusicPlayer/SpotifySDKFramworks",
					"$(PROJECT_DIR)",
				);
				"FRAMEWORK_SEARCH_PATHS[arch=*]" = "$(inherited)";
				INFOPLIST_FILE = RelayMusicPlayer/Info.plist;
				LD_RUNPATH_SEARCH_PATHS = "$(inherited) @executable_path/Frameworks";
				OTHER_CFLAGS = (
					"$(inherited)",
					"-iquote",
				);
				OTHER_LDFLAGS = "-ObjC";
				PRODUCT_BUNDLE_IDENTIFIER = me.christiankraft.RelayMusicPlayer;
				PRODUCT_NAME = "$(TARGET_NAME)";
				SWIFT_OBJC_BRIDGING_HEADER = "RelayMusicPlayer/RelayMusicPlayer-Bridging-Header.h";
				SWIFT_OPTIMIZATION_LEVEL = "-Onone";
				SWIFT_VERSION = 4.0;
				TARGETED_DEVICE_FAMILY = "1,2";
			};
			name = Debug;
		};
		5B70392A1F6B260B008B912F /* Release */ = {
			isa = XCBuildConfiguration;
			baseConfigurationReference = 1198EAFBE2E8E32C84C0E323 /* Pods-RelayMusicPlayer.release.xcconfig */;
			buildSettings = {
				ASSETCATALOG_COMPILER_APPICON_NAME = AppIcon;
				CLANG_ENABLE_MODULES = YES;
				CODE_SIGN_STYLE = Automatic;
				DEVELOPMENT_TEAM = 5JAD8P5382;
				FRAMEWORK_SEARCH_PATHS = (
					"$(inherited)",
					"$(PROJECT_DIR)/RelayMusicPlayer/SpotifySDKFramworks",
					"$(PROJECT_DIR)",
				);
				"FRAMEWORK_SEARCH_PATHS[arch=*]" = "$(inherited)";
				INFOPLIST_FILE = RelayMusicPlayer/Info.plist;
				LD_RUNPATH_SEARCH_PATHS = "$(inherited) @executable_path/Frameworks";
				OTHER_CFLAGS = (
					"$(inherited)",
					"-iquote",
				);
				OTHER_LDFLAGS = "-ObjC";
				PRODUCT_BUNDLE_IDENTIFIER = me.christiankraft.RelayMusicPlayer;
				PRODUCT_NAME = "$(TARGET_NAME)";
				SWIFT_OBJC_BRIDGING_HEADER = "RelayMusicPlayer/RelayMusicPlayer-Bridging-Header.h";
				SWIFT_VERSION = 4.0;
				TARGETED_DEVICE_FAMILY = "1,2";
			};
			name = Release;
		};
/* End XCBuildConfiguration section */

/* Begin XCConfigurationList section */
		5B7039111F6B260B008B912F /* Build configuration list for PBXProject "RelayMusicPlayer" */ = {
			isa = XCConfigurationList;
			buildConfigurations = (
				5B7039261F6B260B008B912F /* Debug */,
				5B7039271F6B260B008B912F /* Release */,
			);
			defaultConfigurationIsVisible = 0;
			defaultConfigurationName = Release;
		};
		5B7039281F6B260B008B912F /* Build configuration list for PBXNativeTarget "RelayMusicPlayer" */ = {
			isa = XCConfigurationList;
			buildConfigurations = (
				5B7039291F6B260B008B912F /* Debug */,
				5B70392A1F6B260B008B912F /* Release */,
			);
			defaultConfigurationIsVisible = 0;
			defaultConfigurationName = Release;
		};
/* End XCConfigurationList section */
	};
	rootObject = 5B70390E1F6B260B008B912F /* Project object */;
}
